// !$*UTF8*$!
{
	archiveVersion = 1;
	classes = {
	};
	objectVersion = 55;
	objects = {

/* Begin PBXBuildFile section */
		08327FE928C495F600370D55 /* AppDelegate.swift in Sources */ = {isa = PBXBuildFile; fileRef = 08327FE828C495F600370D55 /* AppDelegate.swift */; };
		08327FEB28C495F600370D55 /* SceneDelegate.swift in Sources */ = {isa = PBXBuildFile; fileRef = 08327FEA28C495F600370D55 /* SceneDelegate.swift */; };
		08327FED28C495F600370D55 /* ViewController.swift in Sources */ = {isa = PBXBuildFile; fileRef = 08327FEC28C495F600370D55 /* ViewController.swift */; };
		08327FF028C495F600370D55 /* Main.storyboard in Resources */ = {isa = PBXBuildFile; fileRef = 08327FEE28C495F600370D55 /* Main.storyboard */; };
		08327FF228C495F700370D55 /* Assets.xcassets in Resources */ = {isa = PBXBuildFile; fileRef = 08327FF128C495F700370D55 /* Assets.xcassets */; };
		08327FF528C495F700370D55 /* LaunchScreen.storyboard in Resources */ = {isa = PBXBuildFile; fileRef = 08327FF328C495F700370D55 /* LaunchScreen.storyboard */; };
		0832800028C495F700370D55 /* PokedexTests.swift in Sources */ = {isa = PBXBuildFile; fileRef = 08327FFF28C495F700370D55 /* PokedexTests.swift */; };
		0832800A28C495F700370D55 /* PokedexUITests.swift in Sources */ = {isa = PBXBuildFile; fileRef = 0832800928C495F700370D55 /* PokedexUITests.swift */; };
		0832800C28C495F700370D55 /* PokedexUITestsLaunchTests.swift in Sources */ = {isa = PBXBuildFile; fileRef = 0832800B28C495F700370D55 /* PokedexUITestsLaunchTests.swift */; };
		0832801928C64EB700370D55 /* HomeReactor.swift in Sources */ = {isa = PBXBuildFile; fileRef = 0832801828C64EB700370D55 /* HomeReactor.swift */; };
		0832801C28C64F9A00370D55 /* Pokemon.swift in Sources */ = {isa = PBXBuildFile; fileRef = 0832801B28C64F9A00370D55 /* Pokemon.swift */; };
		0832802028C653FF00370D55 /* PokemonService.swift in Sources */ = {isa = PBXBuildFile; fileRef = 0832801F28C653FF00370D55 /* PokemonService.swift */; };
		0832802228C655B400370D55 /* API.swift in Sources */ = {isa = PBXBuildFile; fileRef = 0832802128C655B400370D55 /* API.swift */; };
		087364B228C8CC640026555D /* NetworkLogger.swift in Sources */ = {isa = PBXBuildFile; fileRef = 087364B128C8CC640026555D /* NetworkLogger.swift */; };
		087364B528C8CCA50026555D /* Log.swift in Sources */ = {isa = PBXBuildFile; fileRef = 087364B428C8CCA50026555D /* Log.swift */; };
		087364B728C8CD070026555D /* NetworkSessionManager.swift in Sources */ = {isa = PBXBuildFile; fileRef = 087364B628C8CD070026555D /* NetworkSessionManager.swift */; };
		524B45EFE4B72E2C71AFCFD3 /* Pods_Pokedex.framework in Frameworks */ = {isa = PBXBuildFile; fileRef = 29DC40B60FD1107891A4708A /* Pods_Pokedex.framework */; };
		6B381B1ED14DA6BF2C2027D4 /* Pods_Pokedex_PokedexUITests.framework in Frameworks */ = {isa = PBXBuildFile; fileRef = BE626263BA9BE82C7968DCAB /* Pods_Pokedex_PokedexUITests.framework */; };
		9C8DB8F237F3D016EEAD33BE /* Pods_PokedexTests.framework in Frameworks */ = {isa = PBXBuildFile; fileRef = 25E7C58A529B0FF18D766F0B /* Pods_PokedexTests.framework */; };
/* End PBXBuildFile section */

/* Begin PBXContainerItemProxy section */
		08327FFC28C495F700370D55 /* PBXContainerItemProxy */ = {
			isa = PBXContainerItemProxy;
			containerPortal = 08327FDD28C495F500370D55 /* Project object */;
			proxyType = 1;
			remoteGlobalIDString = 08327FE428C495F500370D55;
			remoteInfo = Pokedex;
		};
		0832800628C495F700370D55 /* PBXContainerItemProxy */ = {
			isa = PBXContainerItemProxy;
			containerPortal = 08327FDD28C495F500370D55 /* Project object */;
			proxyType = 1;
			remoteGlobalIDString = 08327FE428C495F500370D55;
			remoteInfo = Pokedex;
		};
/* End PBXContainerItemProxy section */

/* Begin PBXFileReference section */
		08327FE528C495F500370D55 /* Pokedex.app */ = {isa = PBXFileReference; explicitFileType = wrapper.application; includeInIndex = 0; path = Pokedex.app; sourceTree = BUILT_PRODUCTS_DIR; };
		08327FE828C495F600370D55 /* AppDelegate.swift */ = {isa = PBXFileReference; lastKnownFileType = sourcecode.swift; path = AppDelegate.swift; sourceTree = "<group>"; };
		08327FEA28C495F600370D55 /* SceneDelegate.swift */ = {isa = PBXFileReference; lastKnownFileType = sourcecode.swift; path = SceneDelegate.swift; sourceTree = "<group>"; };
		08327FEC28C495F600370D55 /* ViewController.swift */ = {isa = PBXFileReference; lastKnownFileType = sourcecode.swift; path = ViewController.swift; sourceTree = "<group>"; };
		08327FEF28C495F600370D55 /* Base */ = {isa = PBXFileReference; lastKnownFileType = file.storyboard; name = Base; path = Base.lproj/Main.storyboard; sourceTree = "<group>"; };
		08327FF128C495F700370D55 /* Assets.xcassets */ = {isa = PBXFileReference; lastKnownFileType = folder.assetcatalog; path = Assets.xcassets; sourceTree = "<group>"; };
		08327FF428C495F700370D55 /* Base */ = {isa = PBXFileReference; lastKnownFileType = file.storyboard; name = Base; path = Base.lproj/LaunchScreen.storyboard; sourceTree = "<group>"; };
		08327FF628C495F700370D55 /* Info.plist */ = {isa = PBXFileReference; lastKnownFileType = text.plist.xml; path = Info.plist; sourceTree = "<group>"; };
		08327FFB28C495F700370D55 /* PokedexTests.xctest */ = {isa = PBXFileReference; explicitFileType = wrapper.cfbundle; includeInIndex = 0; path = PokedexTests.xctest; sourceTree = BUILT_PRODUCTS_DIR; };
		08327FFF28C495F700370D55 /* PokedexTests.swift */ = {isa = PBXFileReference; lastKnownFileType = sourcecode.swift; path = PokedexTests.swift; sourceTree = "<group>"; };
		0832800528C495F700370D55 /* PokedexUITests.xctest */ = {isa = PBXFileReference; explicitFileType = wrapper.cfbundle; includeInIndex = 0; path = PokedexUITests.xctest; sourceTree = BUILT_PRODUCTS_DIR; };
		0832800928C495F700370D55 /* PokedexUITests.swift */ = {isa = PBXFileReference; lastKnownFileType = sourcecode.swift; path = PokedexUITests.swift; sourceTree = "<group>"; };
		0832800B28C495F700370D55 /* PokedexUITestsLaunchTests.swift */ = {isa = PBXFileReference; lastKnownFileType = sourcecode.swift; path = PokedexUITestsLaunchTests.swift; sourceTree = "<group>"; };
		0832801828C64EB700370D55 /* HomeReactor.swift */ = {isa = PBXFileReference; lastKnownFileType = sourcecode.swift; path = HomeReactor.swift; sourceTree = "<group>"; };
		0832801B28C64F9A00370D55 /* Pokemon.swift */ = {isa = PBXFileReference; lastKnownFileType = sourcecode.swift; path = Pokemon.swift; sourceTree = "<group>"; };
		0832801F28C653FF00370D55 /* PokemonService.swift */ = {isa = PBXFileReference; lastKnownFileType = sourcecode.swift; path = PokemonService.swift; sourceTree = "<group>"; };
		0832802128C655B400370D55 /* API.swift */ = {isa = PBXFileReference; lastKnownFileType = sourcecode.swift; path = API.swift; sourceTree = "<group>"; };
		087364B128C8CC640026555D /* NetworkLogger.swift */ = {isa = PBXFileReference; lastKnownFileType = sourcecode.swift; path = NetworkLogger.swift; sourceTree = "<group>"; };
		087364B428C8CCA50026555D /* Log.swift */ = {isa = PBXFileReference; lastKnownFileType = sourcecode.swift; path = Log.swift; sourceTree = "<group>"; };
		087364B628C8CD070026555D /* NetworkSessionManager.swift */ = {isa = PBXFileReference; lastKnownFileType = sourcecode.swift; path = NetworkSessionManager.swift; sourceTree = "<group>"; };
		25E7C58A529B0FF18D766F0B /* Pods_PokedexTests.framework */ = {isa = PBXFileReference; explicitFileType = wrapper.framework; includeInIndex = 0; path = Pods_PokedexTests.framework; sourceTree = BUILT_PRODUCTS_DIR; };
		29DC40B60FD1107891A4708A /* Pods_Pokedex.framework */ = {isa = PBXFileReference; explicitFileType = wrapper.framework; includeInIndex = 0; path = Pods_Pokedex.framework; sourceTree = BUILT_PRODUCTS_DIR; };
		669A2B36E6B0DF6BE2F98556 /* Pods-PokedexTests.release.xcconfig */ = {isa = PBXFileReference; includeInIndex = 1; lastKnownFileType = text.xcconfig; name = "Pods-PokedexTests.release.xcconfig"; path = "Target Support Files/Pods-PokedexTests/Pods-PokedexTests.release.xcconfig"; sourceTree = "<group>"; };
		A3164A6028E5181795C1D6B9 /* Pods-Pokedex.debug.xcconfig */ = {isa = PBXFileReference; includeInIndex = 1; lastKnownFileType = text.xcconfig; name = "Pods-Pokedex.debug.xcconfig"; path = "Target Support Files/Pods-Pokedex/Pods-Pokedex.debug.xcconfig"; sourceTree = "<group>"; };
		BE626263BA9BE82C7968DCAB /* Pods_Pokedex_PokedexUITests.framework */ = {isa = PBXFileReference; explicitFileType = wrapper.framework; includeInIndex = 0; path = Pods_Pokedex_PokedexUITests.framework; sourceTree = BUILT_PRODUCTS_DIR; };
		D9B7326E12C30DB595611CF9 /* Pods-PokedexTests.debug.xcconfig */ = {isa = PBXFileReference; includeInIndex = 1; lastKnownFileType = text.xcconfig; name = "Pods-PokedexTests.debug.xcconfig"; path = "Target Support Files/Pods-PokedexTests/Pods-PokedexTests.debug.xcconfig"; sourceTree = "<group>"; };
		DD9428EAF963F9899EF9A2B6 /* Pods-Pokedex-PokedexUITests.debug.xcconfig */ = {isa = PBXFileReference; includeInIndex = 1; lastKnownFileType = text.xcconfig; name = "Pods-Pokedex-PokedexUITests.debug.xcconfig"; path = "Target Support Files/Pods-Pokedex-PokedexUITests/Pods-Pokedex-PokedexUITests.debug.xcconfig"; sourceTree = "<group>"; };
		EA6E2A4247C93D8BF537E33E /* Pods-Pokedex.release.xcconfig */ = {isa = PBXFileReference; includeInIndex = 1; lastKnownFileType = text.xcconfig; name = "Pods-Pokedex.release.xcconfig"; path = "Target Support Files/Pods-Pokedex/Pods-Pokedex.release.xcconfig"; sourceTree = "<group>"; };
		F5DFD5D525610DAC3E8F4C6D /* Pods-Pokedex-PokedexUITests.release.xcconfig */ = {isa = PBXFileReference; includeInIndex = 1; lastKnownFileType = text.xcconfig; name = "Pods-Pokedex-PokedexUITests.release.xcconfig"; path = "Target Support Files/Pods-Pokedex-PokedexUITests/Pods-Pokedex-PokedexUITests.release.xcconfig"; sourceTree = "<group>"; };
/* End PBXFileReference section */

/* Begin PBXFrameworksBuildPhase section */
		08327FE228C495F500370D55 /* Frameworks */ = {
			isa = PBXFrameworksBuildPhase;
			buildActionMask = 2147483647;
			files = (
				524B45EFE4B72E2C71AFCFD3 /* Pods_Pokedex.framework in Frameworks */,
			);
			runOnlyForDeploymentPostprocessing = 0;
		};
		08327FF828C495F700370D55 /* Frameworks */ = {
			isa = PBXFrameworksBuildPhase;
			buildActionMask = 2147483647;
			files = (
				9C8DB8F237F3D016EEAD33BE /* Pods_PokedexTests.framework in Frameworks */,
			);
			runOnlyForDeploymentPostprocessing = 0;
		};
		0832800228C495F700370D55 /* Frameworks */ = {
			isa = PBXFrameworksBuildPhase;
			buildActionMask = 2147483647;
			files = (
				6B381B1ED14DA6BF2C2027D4 /* Pods_Pokedex_PokedexUITests.framework in Frameworks */,
			);
			runOnlyForDeploymentPostprocessing = 0;
		};
/* End PBXFrameworksBuildPhase section */

/* Begin PBXGroup section */
		08327FDC28C495F500370D55 = {
			isa = PBXGroup;
			children = (
				08327FE728C495F500370D55 /* Pokedex */,
				08327FFE28C495F700370D55 /* PokedexTests */,
				0832800828C495F700370D55 /* PokedexUITests */,
				08327FE628C495F500370D55 /* Products */,
				E6B90E80745D32123C77DA3E /* Pods */,
				F84F67DD39FEBC45A14EEB24 /* Frameworks */,
			);
			sourceTree = "<group>";
		};
		08327FE628C495F500370D55 /* Products */ = {
			isa = PBXGroup;
			children = (
				08327FE528C495F500370D55 /* Pokedex.app */,
				08327FFB28C495F700370D55 /* PokedexTests.xctest */,
				0832800528C495F700370D55 /* PokedexUITests.xctest */,
			);
			name = Products;
			sourceTree = "<group>";
		};
		08327FE728C495F500370D55 /* Pokedex */ = {
			isa = PBXGroup;
			children = (
				087364B328C8CC950026555D /* Common */,
				0832801D28C64FB000370D55 /* UI */,
				0832801A28C64F8700370D55 /* Data */,
				08327FE828C495F600370D55 /* AppDelegate.swift */,
				08327FEA28C495F600370D55 /* SceneDelegate.swift */,
				08327FEE28C495F600370D55 /* Main.storyboard */,
				08327FF128C495F700370D55 /* Assets.xcassets */,
				08327FF328C495F700370D55 /* LaunchScreen.storyboard */,
				08327FF628C495F700370D55 /* Info.plist */,
			);
			path = Pokedex;
			sourceTree = "<group>";
		};
		08327FFE28C495F700370D55 /* PokedexTests */ = {
			isa = PBXGroup;
			children = (
				08327FFF28C495F700370D55 /* PokedexTests.swift */,
			);
			path = PokedexTests;
			sourceTree = "<group>";
		};
		0832800828C495F700370D55 /* PokedexUITests */ = {
			isa = PBXGroup;
			children = (
				0832800928C495F700370D55 /* PokedexUITests.swift */,
				0832800B28C495F700370D55 /* PokedexUITestsLaunchTests.swift */,
			);
			path = PokedexUITests;
			sourceTree = "<group>";
		};
		0832801A28C64F8700370D55 /* Data */ = {
			isa = PBXGroup;
			children = (
				0832801B28C64F9A00370D55 /* Pokemon.swift */,
				0832801F28C653FF00370D55 /* PokemonService.swift */,
				0832802128C655B400370D55 /* API.swift */,
				087364B128C8CC640026555D /* NetworkLogger.swift */,
				087364B628C8CD070026555D /* NetworkSessionManager.swift */,
			);
			path = Data;
			sourceTree = "<group>";
		};
		0832801D28C64FB000370D55 /* UI */ = {
			isa = PBXGroup;
			children = (
				08327FEC28C495F600370D55 /* ViewController.swift */,
				0832801828C64EB700370D55 /* HomeReactor.swift */,
			);
			path = UI;
			sourceTree = "<group>";
		};
		087364B328C8CC950026555D /* Common */ = {
			isa = PBXGroup;
			children = (
				087364B428C8CCA50026555D /* Log.swift */,
			);
			path = Common;
			sourceTree = "<group>";
		};
		E6B90E80745D32123C77DA3E /* Pods */ = {
			isa = PBXGroup;
			children = (
				A3164A6028E5181795C1D6B9 /* Pods-Pokedex.debug.xcconfig */,
				EA6E2A4247C93D8BF537E33E /* Pods-Pokedex.release.xcconfig */,
				DD9428EAF963F9899EF9A2B6 /* Pods-Pokedex-PokedexUITests.debug.xcconfig */,
				F5DFD5D525610DAC3E8F4C6D /* Pods-Pokedex-PokedexUITests.release.xcconfig */,
				D9B7326E12C30DB595611CF9 /* Pods-PokedexTests.debug.xcconfig */,
				669A2B36E6B0DF6BE2F98556 /* Pods-PokedexTests.release.xcconfig */,
			);
			path = Pods;
			sourceTree = "<group>";
		};
		F84F67DD39FEBC45A14EEB24 /* Frameworks */ = {
			isa = PBXGroup;
			children = (
				29DC40B60FD1107891A4708A /* Pods_Pokedex.framework */,
				BE626263BA9BE82C7968DCAB /* Pods_Pokedex_PokedexUITests.framework */,
				25E7C58A529B0FF18D766F0B /* Pods_PokedexTests.framework */,
			);
			name = Frameworks;
			sourceTree = "<group>";
		};
/* End PBXGroup section */

/* Begin PBXNativeTarget section */
		08327FE428C495F500370D55 /* Pokedex */ = {
			isa = PBXNativeTarget;
			buildConfigurationList = 0832800F28C495F700370D55 /* Build configuration list for PBXNativeTarget "Pokedex" */;
			buildPhases = (
				D1996A4A55F83F050A8A75DB /* [CP] Check Pods Manifest.lock */,
				08327FE128C495F500370D55 /* Sources */,
				08327FE228C495F500370D55 /* Frameworks */,
				08327FE328C495F500370D55 /* Resources */,
				433FEFEED22ABD0E6C189317 /* [CP] Embed Pods Frameworks */,
			);
			buildRules = (
			);
			dependencies = (
			);
			name = Pokedex;
			productName = Pokedex;
			productReference = 08327FE528C495F500370D55 /* Pokedex.app */;
			productType = "com.apple.product-type.application";
		};
		08327FFA28C495F700370D55 /* PokedexTests */ = {
			isa = PBXNativeTarget;
			buildConfigurationList = 0832801228C495F700370D55 /* Build configuration list for PBXNativeTarget "PokedexTests" */;
			buildPhases = (
				98B0CD93F71067FAFF40EDDA /* [CP] Check Pods Manifest.lock */,
				08327FF728C495F700370D55 /* Sources */,
				08327FF828C495F700370D55 /* Frameworks */,
				08327FF928C495F700370D55 /* Resources */,
				59FB874475A3E6A79A34DFF0 /* [CP] Embed Pods Frameworks */,
			);
			buildRules = (
			);
			dependencies = (
				08327FFD28C495F700370D55 /* PBXTargetDependency */,
			);
			name = PokedexTests;
			productName = PokedexTests;
			productReference = 08327FFB28C495F700370D55 /* PokedexTests.xctest */;
			productType = "com.apple.product-type.bundle.unit-test";
		};
		0832800428C495F700370D55 /* PokedexUITests */ = {
			isa = PBXNativeTarget;
			buildConfigurationList = 0832801528C495F700370D55 /* Build configuration list for PBXNativeTarget "PokedexUITests" */;
			buildPhases = (
				3FA68C7D85155337C4A4C7EF /* [CP] Check Pods Manifest.lock */,
				0832800128C495F700370D55 /* Sources */,
				0832800228C495F700370D55 /* Frameworks */,
				0832800328C495F700370D55 /* Resources */,
				C5C96B21C6A2460FB0638111 /* [CP] Embed Pods Frameworks */,
			);
			buildRules = (
			);
			dependencies = (
				0832800728C495F700370D55 /* PBXTargetDependency */,
			);
			name = PokedexUITests;
			productName = PokedexUITests;
			productReference = 0832800528C495F700370D55 /* PokedexUITests.xctest */;
			productType = "com.apple.product-type.bundle.ui-testing";
		};
/* End PBXNativeTarget section */

/* Begin PBXProject section */
		08327FDD28C495F500370D55 /* Project object */ = {
			isa = PBXProject;
			attributes = {
				BuildIndependentTargetsInParallel = 1;
				LastSwiftUpdateCheck = 1310;
				LastUpgradeCheck = 1310;
				TargetAttributes = {
					08327FE428C495F500370D55 = {
						CreatedOnToolsVersion = 13.1;
					};
					08327FFA28C495F700370D55 = {
						CreatedOnToolsVersion = 13.1;
						TestTargetID = 08327FE428C495F500370D55;
					};
					0832800428C495F700370D55 = {
						CreatedOnToolsVersion = 13.1;
						TestTargetID = 08327FE428C495F500370D55;
					};
				};
			};
			buildConfigurationList = 08327FE028C495F500370D55 /* Build configuration list for PBXProject "Pokedex" */;
			compatibilityVersion = "Xcode 13.0";
			developmentRegion = en;
			hasScannedForEncodings = 0;
			knownRegions = (
				en,
				Base,
			);
			mainGroup = 08327FDC28C495F500370D55;
			productRefGroup = 08327FE628C495F500370D55 /* Products */;
			projectDirPath = "";
			projectRoot = "";
			targets = (
				08327FE428C495F500370D55 /* Pokedex */,
				08327FFA28C495F700370D55 /* PokedexTests */,
				0832800428C495F700370D55 /* PokedexUITests */,
			);
		};
/* End PBXProject section */

/* Begin PBXResourcesBuildPhase section */
		08327FE328C495F500370D55 /* Resources */ = {
			isa = PBXResourcesBuildPhase;
			buildActionMask = 2147483647;
			files = (
				08327FF528C495F700370D55 /* LaunchScreen.storyboard in Resources */,
				08327FF228C495F700370D55 /* Assets.xcassets in Resources */,
				08327FF028C495F600370D55 /* Main.storyboard in Resources */,
			);
			runOnlyForDeploymentPostprocessing = 0;
		};
		08327FF928C495F700370D55 /* Resources */ = {
			isa = PBXResourcesBuildPhase;
			buildActionMask = 2147483647;
			files = (
			);
			runOnlyForDeploymentPostprocessing = 0;
		};
		0832800328C495F700370D55 /* Resources */ = {
			isa = PBXResourcesBuildPhase;
			buildActionMask = 2147483647;
			files = (
			);
			runOnlyForDeploymentPostprocessing = 0;
		};
/* End PBXResourcesBuildPhase section */

/* Begin PBXShellScriptBuildPhase section */
		3FA68C7D85155337C4A4C7EF /* [CP] Check Pods Manifest.lock */ = {
			isa = PBXShellScriptBuildPhase;
			buildActionMask = 2147483647;
			files = (
			);
			inputFileListPaths = (
			);
			inputPaths = (
				"${PODS_PODFILE_DIR_PATH}/Podfile.lock",
				"${PODS_ROOT}/Manifest.lock",
			);
			name = "[CP] Check Pods Manifest.lock";
			outputFileListPaths = (
			);
			outputPaths = (
				"$(DERIVED_FILE_DIR)/Pods-Pokedex-PokedexUITests-checkManifestLockResult.txt",
			);
			runOnlyForDeploymentPostprocessing = 0;
			shellPath = /bin/sh;
			shellScript = "diff \"${PODS_PODFILE_DIR_PATH}/Podfile.lock\" \"${PODS_ROOT}/Manifest.lock\" > /dev/null\nif [ $? != 0 ] ; then\n    # print error to STDERR\n    echo \"error: The sandbox is not in sync with the Podfile.lock. Run 'pod install' or update your CocoaPods installation.\" >&2\n    exit 1\nfi\n# This output is used by Xcode 'outputs' to avoid re-running this script phase.\necho \"SUCCESS\" > \"${SCRIPT_OUTPUT_FILE_0}\"\n";
			showEnvVarsInLog = 0;
		};
		433FEFEED22ABD0E6C189317 /* [CP] Embed Pods Frameworks */ = {
			isa = PBXShellScriptBuildPhase;
			buildActionMask = 2147483647;
			files = (
			);
			inputFileListPaths = (
				"${PODS_ROOT}/Target Support Files/Pods-Pokedex/Pods-Pokedex-frameworks-${CONFIGURATION}-input-files.xcfilelist",
			);
			name = "[CP] Embed Pods Frameworks";
			outputFileListPaths = (
				"${PODS_ROOT}/Target Support Files/Pods-Pokedex/Pods-Pokedex-frameworks-${CONFIGURATION}-output-files.xcfilelist",
			);
			runOnlyForDeploymentPostprocessing = 0;
			shellPath = /bin/sh;
			shellScript = "\"${PODS_ROOT}/Target Support Files/Pods-Pokedex/Pods-Pokedex-frameworks.sh\"\n";
			showEnvVarsInLog = 0;
		};
		59FB874475A3E6A79A34DFF0 /* [CP] Embed Pods Frameworks */ = {
			isa = PBXShellScriptBuildPhase;
			buildActionMask = 2147483647;
			files = (
			);
			inputFileListPaths = (
				"${PODS_ROOT}/Target Support Files/Pods-PokedexTests/Pods-PokedexTests-frameworks-${CONFIGURATION}-input-files.xcfilelist",
			);
			name = "[CP] Embed Pods Frameworks";
			outputFileListPaths = (
				"${PODS_ROOT}/Target Support Files/Pods-PokedexTests/Pods-PokedexTests-frameworks-${CONFIGURATION}-output-files.xcfilelist",
			);
			runOnlyForDeploymentPostprocessing = 0;
			shellPath = /bin/sh;
			shellScript = "\"${PODS_ROOT}/Target Support Files/Pods-PokedexTests/Pods-PokedexTests-frameworks.sh\"\n";
			showEnvVarsInLog = 0;
		};
		98B0CD93F71067FAFF40EDDA /* [CP] Check Pods Manifest.lock */ = {
			isa = PBXShellScriptBuildPhase;
			buildActionMask = 2147483647;
			files = (
			);
			inputFileListPaths = (
			);
			inputPaths = (
				"${PODS_PODFILE_DIR_PATH}/Podfile.lock",
				"${PODS_ROOT}/Manifest.lock",
			);
			name = "[CP] Check Pods Manifest.lock";
			outputFileListPaths = (
			);
			outputPaths = (
				"$(DERIVED_FILE_DIR)/Pods-PokedexTests-checkManifestLockResult.txt",
			);
			runOnlyForDeploymentPostprocessing = 0;
			shellPath = /bin/sh;
			shellScript = "diff \"${PODS_PODFILE_DIR_PATH}/Podfile.lock\" \"${PODS_ROOT}/Manifest.lock\" > /dev/null\nif [ $? != 0 ] ; then\n    # print error to STDERR\n    echo \"error: The sandbox is not in sync with the Podfile.lock. Run 'pod install' or update your CocoaPods installation.\" >&2\n    exit 1\nfi\n# This output is used by Xcode 'outputs' to avoid re-running this script phase.\necho \"SUCCESS\" > \"${SCRIPT_OUTPUT_FILE_0}\"\n";
			showEnvVarsInLog = 0;
		};
		C5C96B21C6A2460FB0638111 /* [CP] Embed Pods Frameworks */ = {
			isa = PBXShellScriptBuildPhase;
			buildActionMask = 2147483647;
			files = (
			);
			inputFileListPaths = (
				"${PODS_ROOT}/Target Support Files/Pods-Pokedex-PokedexUITests/Pods-Pokedex-PokedexUITests-frameworks-${CONFIGURATION}-input-files.xcfilelist",
			);
			name = "[CP] Embed Pods Frameworks";
			outputFileListPaths = (
				"${PODS_ROOT}/Target Support Files/Pods-Pokedex-PokedexUITests/Pods-Pokedex-PokedexUITests-frameworks-${CONFIGURATION}-output-files.xcfilelist",
			);
			runOnlyForDeploymentPostprocessing = 0;
			shellPath = /bin/sh;
			shellScript = "\"${PODS_ROOT}/Target Support Files/Pods-Pokedex-PokedexUITests/Pods-Pokedex-PokedexUITests-frameworks.sh\"\n";
			showEnvVarsInLog = 0;
		};
		D1996A4A55F83F050A8A75DB /* [CP] Check Pods Manifest.lock */ = {
			isa = PBXShellScriptBuildPhase;
			buildActionMask = 2147483647;
			files = (
			);
			inputFileListPaths = (
			);
			inputPaths = (
				"${PODS_PODFILE_DIR_PATH}/Podfile.lock",
				"${PODS_ROOT}/Manifest.lock",
			);
			name = "[CP] Check Pods Manifest.lock";
			outputFileListPaths = (
			);
			outputPaths = (
				"$(DERIVED_FILE_DIR)/Pods-Pokedex-checkManifestLockResult.txt",
			);
			runOnlyForDeploymentPostprocessing = 0;
			shellPath = /bin/sh;
			shellScript = "diff \"${PODS_PODFILE_DIR_PATH}/Podfile.lock\" \"${PODS_ROOT}/Manifest.lock\" > /dev/null\nif [ $? != 0 ] ; then\n    # print error to STDERR\n    echo \"error: The sandbox is not in sync with the Podfile.lock. Run 'pod install' or update your CocoaPods installation.\" >&2\n    exit 1\nfi\n# This output is used by Xcode 'outputs' to avoid re-running this script phase.\necho \"SUCCESS\" > \"${SCRIPT_OUTPUT_FILE_0}\"\n";
			showEnvVarsInLog = 0;
		};
/* End PBXShellScriptBuildPhase section */

/* Begin PBXSourcesBuildPhase section */
		08327FE128C495F500370D55 /* Sources */ = {
			isa = PBXSourcesBuildPhase;
			buildActionMask = 2147483647;
			files = (
				087364B228C8CC640026555D /* NetworkLogger.swift in Sources */,
				0832801C28C64F9A00370D55 /* Pokemon.swift in Sources */,
				087364B528C8CCA50026555D /* Log.swift in Sources */,
				08327FED28C495F600370D55 /* ViewController.swift in Sources */,
				0832802028C653FF00370D55 /* PokemonService.swift in Sources */,
				0832801928C64EB700370D55 /* HomeReactor.swift in Sources */,
				08327FE928C495F600370D55 /* AppDelegate.swift in Sources */,
				087364B728C8CD070026555D /* NetworkSessionManager.swift in Sources */,
				08327FEB28C495F600370D55 /* SceneDelegate.swift in Sources */,
				0832802228C655B400370D55 /* API.swift in Sources */,
			);
			runOnlyForDeploymentPostprocessing = 0;
		};
		08327FF728C495F700370D55 /* Sources */ = {
			isa = PBXSourcesBuildPhase;
			buildActionMask = 2147483647;
			files = (
				0832800028C495F700370D55 /* PokedexTests.swift in Sources */,
			);
			runOnlyForDeploymentPostprocessing = 0;
		};
		0832800128C495F700370D55 /* Sources */ = {
			isa = PBXSourcesBuildPhase;
			buildActionMask = 2147483647;
			files = (
				0832800A28C495F700370D55 /* PokedexUITests.swift in Sources */,
				0832800C28C495F700370D55 /* PokedexUITestsLaunchTests.swift in Sources */,
			);
			runOnlyForDeploymentPostprocessing = 0;
		};
/* End PBXSourcesBuildPhase section */

/* Begin PBXTargetDependency section */
		08327FFD28C495F700370D55 /* PBXTargetDependency */ = {
			isa = PBXTargetDependency;
			target = 08327FE428C495F500370D55 /* Pokedex */;
			targetProxy = 08327FFC28C495F700370D55 /* PBXContainerItemProxy */;
		};
		0832800728C495F700370D55 /* PBXTargetDependency */ = {
			isa = PBXTargetDependency;
			target = 08327FE428C495F500370D55 /* Pokedex */;
			targetProxy = 0832800628C495F700370D55 /* PBXContainerItemProxy */;
		};
/* End PBXTargetDependency section */

/* Begin PBXVariantGroup section */
		08327FEE28C495F600370D55 /* Main.storyboard */ = {
			isa = PBXVariantGroup;
			children = (
				08327FEF28C495F600370D55 /* Base */,
			);
			name = Main.storyboard;
			sourceTree = "<group>";
		};
		08327FF328C495F700370D55 /* LaunchScreen.storyboard */ = {
			isa = PBXVariantGroup;
			children = (
				08327FF428C495F700370D55 /* Base */,
			);
			name = LaunchScreen.storyboard;
			sourceTree = "<group>";
		};
/* End PBXVariantGroup section */

/* Begin XCBuildConfiguration section */
		0832800D28C495F700370D55 /* Debug */ = {
			isa = XCBuildConfiguration;
			buildSettings = {
				ALWAYS_SEARCH_USER_PATHS = NO;
				CLANG_ANALYZER_NONNULL = YES;
				CLANG_ANALYZER_NUMBER_OBJECT_CONVERSION = YES_AGGRESSIVE;
				CLANG_CXX_LANGUAGE_STANDARD = "gnu++17";
				CLANG_CXX_LIBRARY = "libc++";
				CLANG_ENABLE_MODULES = YES;
				CLANG_ENABLE_OBJC_ARC = YES;
				CLANG_ENABLE_OBJC_WEAK = YES;
				CLANG_WARN_BLOCK_CAPTURE_AUTORELEASING = YES;
				CLANG_WARN_BOOL_CONVERSION = YES;
				CLANG_WARN_COMMA = YES;
				CLANG_WARN_CONSTANT_CONVERSION = YES;
				CLANG_WARN_DEPRECATED_OBJC_IMPLEMENTATIONS = YES;
				CLANG_WARN_DIRECT_OBJC_ISA_USAGE = YES_ERROR;
				CLANG_WARN_DOCUMENTATION_COMMENTS = YES;
				CLANG_WARN_EMPTY_BODY = YES;
				CLANG_WARN_ENUM_CONVERSION = YES;
				CLANG_WARN_INFINITE_RECURSION = YES;
				CLANG_WARN_INT_CONVERSION = YES;
				CLANG_WARN_NON_LITERAL_NULL_CONVERSION = YES;
				CLANG_WARN_OBJC_IMPLICIT_RETAIN_SELF = YES;
				CLANG_WARN_OBJC_LITERAL_CONVERSION = YES;
				CLANG_WARN_OBJC_ROOT_CLASS = YES_ERROR;
				CLANG_WARN_QUOTED_INCLUDE_IN_FRAMEWORK_HEADER = YES;
				CLANG_WARN_RANGE_LOOP_ANALYSIS = YES;
				CLANG_WARN_STRICT_PROTOTYPES = YES;
				CLANG_WARN_SUSPICIOUS_MOVE = YES;
				CLANG_WARN_UNGUARDED_AVAILABILITY = YES_AGGRESSIVE;
				CLANG_WARN_UNREACHABLE_CODE = YES;
				CLANG_WARN__DUPLICATE_METHOD_MATCH = YES;
				COPY_PHASE_STRIP = NO;
				DEBUG_INFORMATION_FORMAT = dwarf;
				ENABLE_STRICT_OBJC_MSGSEND = YES;
				ENABLE_TESTABILITY = YES;
				GCC_C_LANGUAGE_STANDARD = gnu11;
				GCC_DYNAMIC_NO_PIC = NO;
				GCC_NO_COMMON_BLOCKS = YES;
				GCC_OPTIMIZATION_LEVEL = 0;
				GCC_PREPROCESSOR_DEFINITIONS = (
					"DEBUG=1",
					"$(inherited)",
				);
				GCC_WARN_64_TO_32_BIT_CONVERSION = YES;
				GCC_WARN_ABOUT_RETURN_TYPE = YES_ERROR;
				GCC_WARN_UNDECLARED_SELECTOR = YES;
				GCC_WARN_UNINITIALIZED_AUTOS = YES_AGGRESSIVE;
				GCC_WARN_UNUSED_FUNCTION = YES;
				GCC_WARN_UNUSED_VARIABLE = YES;
				IPHONEOS_DEPLOYMENT_TARGET = 15.0;
				MTL_ENABLE_DEBUG_INFO = INCLUDE_SOURCE;
				MTL_FAST_MATH = YES;
				ONLY_ACTIVE_ARCH = YES;
				SDKROOT = iphoneos;
				SWIFT_ACTIVE_COMPILATION_CONDITIONS = DEBUG;
				SWIFT_OPTIMIZATION_LEVEL = "-Onone";
			};
			name = Debug;
		};
		0832800E28C495F700370D55 /* Release */ = {
			isa = XCBuildConfiguration;
			buildSettings = {
				ALWAYS_SEARCH_USER_PATHS = NO;
				CLANG_ANALYZER_NONNULL = YES;
				CLANG_ANALYZER_NUMBER_OBJECT_CONVERSION = YES_AGGRESSIVE;
				CLANG_CXX_LANGUAGE_STANDARD = "gnu++17";
				CLANG_CXX_LIBRARY = "libc++";
				CLANG_ENABLE_MODULES = YES;
				CLANG_ENABLE_OBJC_ARC = YES;
				CLANG_ENABLE_OBJC_WEAK = YES;
				CLANG_WARN_BLOCK_CAPTURE_AUTORELEASING = YES;
				CLANG_WARN_BOOL_CONVERSION = YES;
				CLANG_WARN_COMMA = YES;
				CLANG_WARN_CONSTANT_CONVERSION = YES;
				CLANG_WARN_DEPRECATED_OBJC_IMPLEMENTATIONS = YES;
				CLANG_WARN_DIRECT_OBJC_ISA_USAGE = YES_ERROR;
				CLANG_WARN_DOCUMENTATION_COMMENTS = YES;
				CLANG_WARN_EMPTY_BODY = YES;
				CLANG_WARN_ENUM_CONVERSION = YES;
				CLANG_WARN_INFINITE_RECURSION = YES;
				CLANG_WARN_INT_CONVERSION = YES;
				CLANG_WARN_NON_LITERAL_NULL_CONVERSION = YES;
				CLANG_WARN_OBJC_IMPLICIT_RETAIN_SELF = YES;
				CLANG_WARN_OBJC_LITERAL_CONVERSION = YES;
				CLANG_WARN_OBJC_ROOT_CLASS = YES_ERROR;
				CLANG_WARN_QUOTED_INCLUDE_IN_FRAMEWORK_HEADER = YES;
				CLANG_WARN_RANGE_LOOP_ANALYSIS = YES;
				CLANG_WARN_STRICT_PROTOTYPES = YES;
				CLANG_WARN_SUSPICIOUS_MOVE = YES;
				CLANG_WARN_UNGUARDED_AVAILABILITY = YES_AGGRESSIVE;
				CLANG_WARN_UNREACHABLE_CODE = YES;
				CLANG_WARN__DUPLICATE_METHOD_MATCH = YES;
				COPY_PHASE_STRIP = NO;
				DEBUG_INFORMATION_FORMAT = "dwarf-with-dsym";
				ENABLE_NS_ASSERTIONS = NO;
				ENABLE_STRICT_OBJC_MSGSEND = YES;
				GCC_C_LANGUAGE_STANDARD = gnu11;
				GCC_NO_COMMON_BLOCKS = YES;
				GCC_WARN_64_TO_32_BIT_CONVERSION = YES;
				GCC_WARN_ABOUT_RETURN_TYPE = YES_ERROR;
				GCC_WARN_UNDECLARED_SELECTOR = YES;
				GCC_WARN_UNINITIALIZED_AUTOS = YES_AGGRESSIVE;
				GCC_WARN_UNUSED_FUNCTION = YES;
				GCC_WARN_UNUSED_VARIABLE = YES;
				IPHONEOS_DEPLOYMENT_TARGET = 15.0;
				MTL_ENABLE_DEBUG_INFO = NO;
				MTL_FAST_MATH = YES;
				SDKROOT = iphoneos;
				SWIFT_COMPILATION_MODE = wholemodule;
				SWIFT_OPTIMIZATION_LEVEL = "-O";
				VALIDATE_PRODUCT = YES;
			};
			name = Release;
		};
		0832801028C495F700370D55 /* Debug */ = {
			isa = XCBuildConfiguration;
			baseConfigurationReference = A3164A6028E5181795C1D6B9 /* Pods-Pokedex.debug.xcconfig */;
			buildSettings = {
				ASSETCATALOG_COMPILER_APPICON_NAME = AppIcon;
				ASSETCATALOG_COMPILER_GLOBAL_ACCENT_COLOR_NAME = AccentColor;
				CODE_SIGN_STYLE = Automatic;
				CURRENT_PROJECT_VERSION = 1;
				DEVELOPMENT_TEAM = GA4C7SWJ8F;
				GENERATE_INFOPLIST_FILE = YES;
				INFOPLIST_FILE = Pokedex/Info.plist;
				INFOPLIST_KEY_UIApplicationSupportsIndirectInputEvents = YES;
				INFOPLIST_KEY_UILaunchStoryboardName = LaunchScreen;
				INFOPLIST_KEY_UISupportedInterfaceOrientations_iPad = "UIInterfaceOrientationPortrait UIInterfaceOrientationPortraitUpsideDown UIInterfaceOrientationLandscapeLeft UIInterfaceOrientationLandscapeRight";
				INFOPLIST_KEY_UISupportedInterfaceOrientations_iPhone = "UIInterfaceOrientationPortrait UIInterfaceOrientationLandscapeLeft UIInterfaceOrientationLandscapeRight";
				LD_RUNPATH_SEARCH_PATHS = (
					"$(inherited)",
					"@executable_path/Frameworks",
				);
				MARKETING_VERSION = 1.0;
				PRODUCT_BUNDLE_IDENTIFIER = manta.Pokedex;
				PRODUCT_NAME = "$(TARGET_NAME)";
				SWIFT_EMIT_LOC_STRINGS = YES;
				SWIFT_VERSION = 5.0;
				TARGETED_DEVICE_FAMILY = "1,2";
			};
			name = Debug;
		};
		0832801128C495F700370D55 /* Release */ = {
			isa = XCBuildConfiguration;
			baseConfigurationReference = EA6E2A4247C93D8BF537E33E /* Pods-Pokedex.release.xcconfig */;
			buildSettings = {
				ASSETCATALOG_COMPILER_APPICON_NAME = AppIcon;
				ASSETCATALOG_COMPILER_GLOBAL_ACCENT_COLOR_NAME = AccentColor;
				CODE_SIGN_STYLE = Automatic;
				CURRENT_PROJECT_VERSION = 1;
				DEVELOPMENT_TEAM = GA4C7SWJ8F;
				GENERATE_INFOPLIST_FILE = YES;
				INFOPLIST_FILE = Pokedex/Info.plist;
				INFOPLIST_KEY_UIApplicationSupportsIndirectInputEvents = YES;
				INFOPLIST_KEY_UILaunchStoryboardName = LaunchScreen;
				INFOPLIST_KEY_UISupportedInterfaceOrientations_iPad = "UIInterfaceOrientationPortrait UIInterfaceOrientationPortraitUpsideDown UIInterfaceOrientationLandscapeLeft UIInterfaceOrientationLandscapeRight";
				INFOPLIST_KEY_UISupportedInterfaceOrientations_iPhone = "UIInterfaceOrientationPortrait UIInterfaceOrientationLandscapeLeft UIInterfaceOrientationLandscapeRight";
				LD_RUNPATH_SEARCH_PATHS = (
					"$(inherited)",
					"@executable_path/Frameworks",
				);
				MARKETING_VERSION = 1.0;
				PRODUCT_BUNDLE_IDENTIFIER = manta.Pokedex;
				PRODUCT_NAME = "$(TARGET_NAME)";
				SWIFT_EMIT_LOC_STRINGS = YES;
				SWIFT_VERSION = 5.0;
				TARGETED_DEVICE_FAMILY = "1,2";
			};
			name = Release;
		};
		0832801328C495F700370D55 /* Debug */ = {
			isa = XCBuildConfiguration;
			baseConfigurationReference = D9B7326E12C30DB595611CF9 /* Pods-PokedexTests.debug.xcconfig */;
			buildSettings = {
				ALWAYS_EMBED_SWIFT_STANDARD_LIBRARIES = YES;
				BUNDLE_LOADER = "$(TEST_HOST)";
				CODE_SIGN_STYLE = Automatic;
				CURRENT_PROJECT_VERSION = 1;
				DEVELOPMENT_TEAM = GA4C7SWJ8F;
				GENERATE_INFOPLIST_FILE = YES;
				IPHONEOS_DEPLOYMENT_TARGET = 15.0;
				LD_RUNPATH_SEARCH_PATHS = (
					"$(inherited)",
					"@executable_path/Frameworks",
					"@loader_path/Frameworks",
				);
				MARKETING_VERSION = 1.0;
				PRODUCT_BUNDLE_IDENTIFIER = manta.PokedexTests;
				PRODUCT_NAME = "$(TARGET_NAME)";
				SWIFT_EMIT_LOC_STRINGS = NO;
				SWIFT_VERSION = 5.0;
				TARGETED_DEVICE_FAMILY = "1,2";
				TEST_HOST = "$(BUILT_PRODUCTS_DIR)/Pokedex.app/Pokedex";
			};
			name = Debug;
		};
		0832801428C495F700370D55 /* Release */ = {
			isa = XCBuildConfiguration;
			baseConfigurationReference = 669A2B36E6B0DF6BE2F98556 /* Pods-PokedexTests.release.xcconfig */;
			buildSettings = {
				ALWAYS_EMBED_SWIFT_STANDARD_LIBRARIES = YES;
				BUNDLE_LOADER = "$(TEST_HOST)";
				CODE_SIGN_STYLE = Automatic;
				CURRENT_PROJECT_VERSION = 1;
				DEVELOPMENT_TEAM = GA4C7SWJ8F;
				GENERATE_INFOPLIST_FILE = YES;
				IPHONEOS_DEPLOYMENT_TARGET = 15.0;
				LD_RUNPATH_SEARCH_PATHS = (
					"$(inherited)",
					"@executable_path/Frameworks",
					"@loader_path/Frameworks",
				);
				MARKETING_VERSION = 1.0;
				PRODUCT_BUNDLE_IDENTIFIER = manta.PokedexTests;
				PRODUCT_NAME = "$(TARGET_NAME)";
				SWIFT_EMIT_LOC_STRINGS = NO;
				SWIFT_VERSION = 5.0;
				TARGETED_DEVICE_FAMILY = "1,2";
				TEST_HOST = "$(BUILT_PRODUCTS_DIR)/Pokedex.app/Pokedex";
			};
			name = Release;
		};
		0832801628C495F700370D55 /* Debug */ = {
			isa = XCBuildConfiguration;
			baseConfigurationReference = DD9428EAF963F9899EF9A2B6 /* Pods-Pokedex-PokedexUITests.debug.xcconfig */;
			buildSettings = {
				ALWAYS_EMBED_SWIFT_STANDARD_LIBRARIES = YES;
				CODE_SIGN_STYLE = Automatic;
				CURRENT_PROJECT_VERSION = 1;
				DEVELOPMENT_TEAM = GA4C7SWJ8F;
				GENERATE_INFOPLIST_FILE = YES;
				LD_RUNPATH_SEARCH_PATHS = (
					"$(inherited)",
					"@executable_path/Frameworks",
					"@loader_path/Frameworks",
				);
				MARKETING_VERSION = 1.0;
				PRODUCT_BUNDLE_IDENTIFIER = manta.PokedexUITests;
				PRODUCT_NAME = "$(TARGET_NAME)";
				SWIFT_EMIT_LOC_STRINGS = NO;
				SWIFT_VERSION = 5.0;
				TARGETED_DEVICE_FAMILY = "1,2";
				TEST_TARGET_NAME = Pokedex;
			};
			name = Debug;
		};
		0832801728C495F700370D55 /* Release */ = {
			isa = XCBuildConfiguration;
			baseConfigurationReference = F5DFD5D525610DAC3E8F4C6D /* Pods-Pokedex-PokedexUITests.release.xcconfig */;
			buildSettings = {
				ALWAYS_EMBED_SWIFT_STANDARD_LIBRARIES = YES;
				CODE_SIGN_STYLE = Automatic;
				CURRENT_PROJECT_VERSION = 1;
				DEVELOPMENT_TEAM = GA4C7SWJ8F;
				GENERATE_INFOPLIST_FILE = YES;
				LD_RUNPATH_SEARCH_PATHS = (
					"$(inherited)",
					"@executable_path/Frameworks",
					"@loader_path/Frameworks",
				);
				MARKETING_VERSION = 1.0;
				PRODUCT_BUNDLE_IDENTIFIER = manta.PokedexUITests;
				PRODUCT_NAME = "$(TARGET_NAME)";
				SWIFT_EMIT_LOC_STRINGS = NO;
				SWIFT_VERSION = 5.0;
				TARGETED_DEVICE_FAMILY = "1,2";
				TEST_TARGET_NAME = Pokedex;
			};
			name = Release;
		};
/* End XCBuildConfiguration section */

/* Begin XCConfigurationList section */
		08327FE028C495F500370D55 /* Build configuration list for PBXProject "Pokedex" */ = {
			isa = XCConfigurationList;
			buildConfigurations = (
				0832800D28C495F700370D55 /* Debug */,
				0832800E28C495F700370D55 /* Release */,
			);
			defaultConfigurationIsVisible = 0;
			defaultConfigurationName = Release;
		};
		0832800F28C495F700370D55 /* Build configuration list for PBXNativeTarget "Pokedex" */ = {
			isa = XCConfigurationList;
			buildConfigurations = (
				0832801028C495F700370D55 /* Debug */,
				0832801128C495F700370D55 /* Release */,
			);
			defaultConfigurationIsVisible = 0;
			defaultConfigurationName = Release;
		};
		0832801228C495F700370D55 /* Build configuration list for PBXNativeTarget "PokedexTests" */ = {
			isa = XCConfigurationList;
			buildConfigurations = (
				0832801328C495F700370D55 /* Debug */,
				0832801428C495F700370D55 /* Release */,
			);
			defaultConfigurationIsVisible = 0;
			defaultConfigurationName = Release;
		};
		0832801528C495F700370D55 /* Build configuration list for PBXNativeTarget "PokedexUITests" */ = {
			isa = XCConfigurationList;
			buildConfigurations = (
				0832801628C495F700370D55 /* Debug */,
				0832801728C495F700370D55 /* Release */,
			);
			defaultConfigurationIsVisible = 0;
			defaultConfigurationName = Release;
		};
/* End XCConfigurationList section */
	};
	rootObject = 08327FDD28C495F500370D55 /* Project object */;
}
